// !$*UTF8*$!
{
	archiveVersion = 1;
	classes = {
	};
	objectVersion = 46;
	objects = {

/* Begin PBXBuildFile section */
		9D1188061DE5A40100926D3C /* Solution02.cpp in Sources */ = {isa = PBXBuildFile; fileRef = 9D1188051DE5A40100926D3C /* Solution02.cpp */; };
		9D1188081DE5A71D00926D3C /* Solution03.cpp in Sources */ = {isa = PBXBuildFile; fileRef = 9D1188071DE5A71D00926D3C /* Solution03.cpp */; };
		9D11880A1DE5A9F000926D3C /* Solution04.cpp in Sources */ = {isa = PBXBuildFile; fileRef = 9D1188091DE5A9F000926D3C /* Solution04.cpp */; };
		9D11880D1DE5AE3200926D3C /* Solution05.cpp in Sources */ = {isa = PBXBuildFile; fileRef = 9D11880B1DE5AE3200926D3C /* Solution05.cpp */; };
		9D18AA281DD84A4D00883896 /* Solution9.cpp in Sources */ = {isa = PBXBuildFile; fileRef = 9D18AA271DD84A4D00883896 /* Solution9.cpp */; };
		9D18AA351DD9FED800883896 /* Solution01.cpp in Sources */ = {isa = PBXBuildFile; fileRef = 9D18AA341DD9FED800883896 /* Solution01.cpp */; };
		9D18AA371DD9FFCA00883896 /* Solution2.cpp in Sources */ = {isa = PBXBuildFile; fileRef = 9D18AA361DD9FFCA00883896 /* Solution2.cpp */; };
		9D18AA391DDA01A600883896 /* Solution3.cpp in Sources */ = {isa = PBXBuildFile; fileRef = 9D18AA381DDA01A600883896 /* Solution3.cpp */; };
		9D18AA3B1DDA036600883896 /* Solution4.cpp in Sources */ = {isa = PBXBuildFile; fileRef = 9D18AA3A1DDA036600883896 /* Solution4.cpp */; };
		9D18AA3E1DDA054100883896 /* Solution5.cpp in Sources */ = {isa = PBXBuildFile; fileRef = 9D18AA3C1DDA054100883896 /* Solution5.cpp */; };
		9D2F173A1DD033F400CA617F /* Solution1.cpp in Sources */ = {isa = PBXBuildFile; fileRef = 9D2F17391DD033F400CA617F /* Solution1.cpp */; };
		9D2F173C1DD039BD00CA617F /* Solution2.cpp in Sources */ = {isa = PBXBuildFile; fileRef = 9D2F173B1DD039BD00CA617F /* Solution2.cpp */; };
		9D674D851DD49B5100944E17 /* Solution12.cpp in Sources */ = {isa = PBXBuildFile; fileRef = 9D674D841DD49B5100944E17 /* Solution12.cpp */; };
		9D674D871DD49C7300944E17 /* Solution13.cpp in Sources */ = {isa = PBXBuildFile; fileRef = 9D674D861DD49C7300944E17 /* Solution13.cpp */; };
		9D77D72F1DD326AD00BB5CDF /* stack1.cpp in Sources */ = {isa = PBXBuildFile; fileRef = 9D77D72E1DD326AD00BB5CDF /* stack1.cpp */; };
/* End PBXBuildFile section */

/* Begin PBXCopyFilesBuildPhase section */
		9D18AA2B1DD9FEC200883896 /* CopyFiles */ = {
			isa = PBXCopyFilesBuildPhase;
			buildActionMask = 2147483647;
			dstPath = /usr/share/man/man1/;
			dstSubfolderSpec = 0;
			files = (
			);
			runOnlyForDeploymentPostprocessing = 1;
		};
		9D2F172E1DD02CAF00CA617F /* CopyFiles */ = {
			isa = PBXCopyFilesBuildPhase;
			buildActionMask = 2147483647;
			dstPath = /usr/share/man/man1/;
			dstSubfolderSpec = 0;
			files = (
			);
			runOnlyForDeploymentPostprocessing = 1;
		};
		9D2F176A1DD0A2B600CA617F /* CopyFiles */ = {
			isa = PBXCopyFilesBuildPhase;
			buildActionMask = 2147483647;
			dstPath = /usr/share/man/man1/;
			dstSubfolderSpec = 0;
			files = (
			);
			runOnlyForDeploymentPostprocessing = 1;
		};
		9D2F17791DD0B77300CA617F /* CopyFiles */ = {
			isa = PBXCopyFilesBuildPhase;
			buildActionMask = 2147483647;
			dstPath = /usr/share/man/man1/;
			dstSubfolderSpec = 0;
			files = (
			);
			runOnlyForDeploymentPostprocessing = 1;
		};
		9D2F179D1DD1C87700CA617F /* CopyFiles */ = {
			isa = PBXCopyFilesBuildPhase;
			buildActionMask = 2147483647;
			dstPath = /usr/share/man/man1/;
			dstSubfolderSpec = 0;
			files = (
			);
			runOnlyForDeploymentPostprocessing = 1;
		};
		9D40C6A51DDC149B003F0AEC /* CopyFiles */ = {
			isa = PBXCopyFilesBuildPhase;
			buildActionMask = 2147483647;
			dstPath = /usr/share/man/man1/;
			dstSubfolderSpec = 0;
			files = (
			);
			runOnlyForDeploymentPostprocessing = 1;
		};
		9D492B091DA2343800401573 /* CopyFiles */ = {
			isa = PBXCopyFilesBuildPhase;
			buildActionMask = 2147483647;
			dstPath = /usr/share/man/man1/;
			dstSubfolderSpec = 0;
			files = (
			);
			runOnlyForDeploymentPostprocessing = 1;
		};
		9D5167651DD6F4DF004819FF /* CopyFiles */ = {
			isa = PBXCopyFilesBuildPhase;
			buildActionMask = 2147483647;
			dstPath = /usr/share/man/man1/;
			dstSubfolderSpec = 0;
			files = (
			);
			runOnlyForDeploymentPostprocessing = 1;
		};
		9D77D7251DD3269200BB5CDF /* CopyFiles */ = {
			isa = PBXCopyFilesBuildPhase;
			buildActionMask = 2147483647;
			dstPath = /usr/share/man/man1/;
			dstSubfolderSpec = 0;
			files = (
			);
			runOnlyForDeploymentPostprocessing = 1;
		};
		9D77D7321DD3334400BB5CDF /* CopyFiles */ = {
			isa = PBXCopyFilesBuildPhase;
			buildActionMask = 2147483647;
			dstPath = /usr/share/man/man1/;
			dstSubfolderSpec = 0;
			files = (
			);
			runOnlyForDeploymentPostprocessing = 1;
		};
		9D7D6D1F1DCD8BA500DCCE70 /* CopyFiles */ = {
			isa = PBXCopyFilesBuildPhase;
			buildActionMask = 2147483647;
			dstPath = /usr/share/man/man1/;
			dstSubfolderSpec = 0;
			files = (
			);
			runOnlyForDeploymentPostprocessing = 1;
		};
		9DB30E511DD465620048D5D9 /* CopyFiles */ = {
			isa = PBXCopyFilesBuildPhase;
			buildActionMask = 2147483647;
			dstPath = /usr/share/man/man1/;
			dstSubfolderSpec = 0;
			files = (
			);
			runOnlyForDeploymentPostprocessing = 1;
		};
		9DF455521DCF4F6500CB040A /* CopyFiles */ = {
			isa = PBXCopyFilesBuildPhase;
			buildActionMask = 2147483647;
			dstPath = /usr/share/man/man1/;
			dstSubfolderSpec = 0;
			files = (
			);
			runOnlyForDeploymentPostprocessing = 1;
		};
/* End PBXCopyFilesBuildPhase section */

/* Begin PBXFileReference section */
		9D1188051DE5A40100926D3C /* Solution02.cpp */ = {isa = PBXFileReference; fileEncoding = 4; lastKnownFileType = sourcecode.cpp.cpp; path = Solution02.cpp; sourceTree = "<group>"; };
		9D1188071DE5A71D00926D3C /* Solution03.cpp */ = {isa = PBXFileReference; fileEncoding = 4; lastKnownFileType = sourcecode.cpp.cpp; path = Solution03.cpp; sourceTree = "<group>"; };
		9D1188091DE5A9F000926D3C /* Solution04.cpp */ = {isa = PBXFileReference; fileEncoding = 4; lastKnownFileType = sourcecode.cpp.cpp; path = Solution04.cpp; sourceTree = "<group>"; };
		9D11880B1DE5AE3200926D3C /* Solution05.cpp */ = {isa = PBXFileReference; fileEncoding = 4; lastKnownFileType = sourcecode.cpp.cpp; path = Solution05.cpp; sourceTree = "<group>"; };
		9D18AA191DD81A7500883896 /* Solution4.cpp */ = {isa = PBXFileReference; fileEncoding = 4; lastKnownFileType = sourcecode.cpp.cpp; path = Solution4.cpp; sourceTree = "<group>"; };
		9D18AA1B1DD81B0800883896 /* Solution5.cpp */ = {isa = PBXFileReference; fileEncoding = 4; lastKnownFileType = sourcecode.cpp.cpp; path = Solution5.cpp; sourceTree = "<group>"; };
		9D18AA1D1DD81CDD00883896 /* Solution6.cpp */ = {isa = PBXFileReference; fileEncoding = 4; lastKnownFileType = sourcecode.cpp.cpp; path = Solution6.cpp; sourceTree = "<group>"; };
		9D18AA201DD826DB00883896 /* Solution7.cpp */ = {isa = PBXFileReference; fileEncoding = 4; lastKnownFileType = sourcecode.cpp.cpp; path = Solution7.cpp; sourceTree = "<group>"; };
		9D18AA241DD8476900883896 /* Solution8.cpp */ = {isa = PBXFileReference; fileEncoding = 4; lastKnownFileType = sourcecode.cpp.cpp; path = Solution8.cpp; sourceTree = "<group>"; };
		9D18AA271DD84A4D00883896 /* Solution9.cpp */ = {isa = PBXFileReference; fileEncoding = 4; lastKnownFileType = sourcecode.cpp.cpp; path = Solution9.cpp; sourceTree = "<group>"; };
		9D18AA2D1DD9FEC200883896 /* newcoder04 */ = {isa = PBXFileReference; explicitFileType = "compiled.mach-o.executable"; includeInIndex = 0; path = newcoder04; sourceTree = BUILT_PRODUCTS_DIR; };
		9D18AA341DD9FED800883896 /* Solution01.cpp */ = {isa = PBXFileReference; fileEncoding = 4; lastKnownFileType = sourcecode.cpp.cpp; path = Solution01.cpp; sourceTree = "<group>"; };
		9D18AA361DD9FFCA00883896 /* Solution2.cpp */ = {isa = PBXFileReference; fileEncoding = 4; lastKnownFileType = sourcecode.cpp.cpp; path = Solution2.cpp; sourceTree = "<group>"; };
		9D18AA381DDA01A600883896 /* Solution3.cpp */ = {isa = PBXFileReference; fileEncoding = 4; lastKnownFileType = sourcecode.cpp.cpp; path = Solution3.cpp; sourceTree = "<group>"; };
		9D18AA3A1DDA036600883896 /* Solution4.cpp */ = {isa = PBXFileReference; fileEncoding = 4; lastKnownFileType = sourcecode.cpp.cpp; path = Solution4.cpp; sourceTree = "<group>"; };
		9D18AA3C1DDA054100883896 /* Solution5.cpp */ = {isa = PBXFileReference; fileEncoding = 4; lastKnownFileType = sourcecode.cpp.cpp; path = Solution5.cpp; sourceTree = "<group>"; };
		9D2F17301DD02CAF00CA617F /* nowcoder */ = {isa = PBXFileReference; explicitFileType = "compiled.mach-o.executable"; includeInIndex = 0; path = nowcoder; sourceTree = BUILT_PRODUCTS_DIR; };
		9D2F17371DD02CE900CA617F /* Solution.cpp */ = {isa = PBXFileReference; fileEncoding = 4; lastKnownFileType = sourcecode.cpp.cpp; path = Solution.cpp; sourceTree = "<group>"; };
		9D2F17391DD033F400CA617F /* Solution1.cpp */ = {isa = PBXFileReference; fileEncoding = 4; lastKnownFileType = sourcecode.cpp.cpp; path = Solution1.cpp; sourceTree = "<group>"; };
		9D2F173B1DD039BD00CA617F /* Solution2.cpp */ = {isa = PBXFileReference; fileEncoding = 4; lastKnownFileType = sourcecode.cpp.cpp; path = Solution2.cpp; sourceTree = "<group>"; };
		9D2F173D1DD03DBE00CA617F /* test.cpp */ = {isa = PBXFileReference; fileEncoding = 4; lastKnownFileType = sourcecode.cpp.cpp; path = test.cpp; sourceTree = "<group>"; };
		9D2F173E1DD03DBE00CA617F /* test.hpp */ = {isa = PBXFileReference; fileEncoding = 4; lastKnownFileType = sourcecode.cpp.h; path = test.hpp; sourceTree = "<group>"; };
		9D2F17401DD04AFE00CA617F /* Solution3.cpp */ = {isa = PBXFileReference; fileEncoding = 4; lastKnownFileType = sourcecode.cpp.cpp; path = Solution3.cpp; sourceTree = "<group>"; };
		9D2F17421DD055D900CA617F /* Solution4.cpp */ = {isa = PBXFileReference; fileEncoding = 4; lastKnownFileType = sourcecode.cpp.cpp; path = Solution4.cpp; sourceTree = "<group>"; };
		9D2F17441DD056F500CA617F /* Solution5.cpp */ = {isa = PBXFileReference; fileEncoding = 4; lastKnownFileType = sourcecode.cpp.cpp; path = Solution5.cpp; sourceTree = "<group>"; };
		9D2F17461DD058C200CA617F /* Solution6.cpp */ = {isa = PBXFileReference; fileEncoding = 4; lastKnownFileType = sourcecode.cpp.cpp; path = Solution6.cpp; sourceTree = "<group>"; };
		9D2F17481DD059BE00CA617F /* Solution7.cpp */ = {isa = PBXFileReference; fileEncoding = 4; lastKnownFileType = sourcecode.cpp.cpp; path = Solution7.cpp; sourceTree = "<group>"; };
		9D2F174A1DD05BB000CA617F /* Solution8.cpp */ = {isa = PBXFileReference; fileEncoding = 4; lastKnownFileType = sourcecode.cpp.cpp; path = Solution8.cpp; sourceTree = "<group>"; };
		9D2F174D1DD05DB300CA617F /* Solution9.cpp */ = {isa = PBXFileReference; fileEncoding = 4; lastKnownFileType = sourcecode.cpp.cpp; path = Solution9.cpp; sourceTree = "<group>"; };
		9D2F174F1DD05ED300CA617F /* Solution10.cpp */ = {isa = PBXFileReference; fileEncoding = 4; lastKnownFileType = sourcecode.cpp.cpp; path = Solution10.cpp; sourceTree = "<group>"; };
		9D2F17511DD062D800CA617F /* Solution11.cpp */ = {isa = PBXFileReference; fileEncoding = 4; lastKnownFileType = sourcecode.cpp.cpp; path = Solution11.cpp; sourceTree = "<group>"; };
		9D2F17531DD0644700CA617F /* Solution12.cpp */ = {isa = PBXFileReference; fileEncoding = 4; lastKnownFileType = sourcecode.cpp.cpp; path = Solution12.cpp; sourceTree = "<group>"; };
		9D2F17551DD069E600CA617F /* Solution13.cpp */ = {isa = PBXFileReference; fileEncoding = 4; lastKnownFileType = sourcecode.cpp.cpp; path = Solution13.cpp; sourceTree = "<group>"; };
		9D2F17571DD06E4E00CA617F /* Solution14.cpp */ = {isa = PBXFileReference; fileEncoding = 4; lastKnownFileType = sourcecode.cpp.cpp; path = Solution14.cpp; sourceTree = "<group>"; };
		9D2F175A1DD071F500CA617F /* Solution15.cpp */ = {isa = PBXFileReference; fileEncoding = 4; lastKnownFileType = sourcecode.cpp.cpp; path = Solution15.cpp; sourceTree = "<group>"; };
		9D2F175C1DD072D500CA617F /* Solution16.cpp */ = {isa = PBXFileReference; fileEncoding = 4; lastKnownFileType = sourcecode.cpp.cpp; path = Solution16.cpp; sourceTree = "<group>"; };
		9D2F175E1DD079A500CA617F /* Solution17.cpp */ = {isa = PBXFileReference; fileEncoding = 4; lastKnownFileType = sourcecode.cpp.cpp; path = Solution17.cpp; sourceTree = "<group>"; };
		9D2F17601DD07AEA00CA617F /* Solution18.cpp */ = {isa = PBXFileReference; fileEncoding = 4; lastKnownFileType = sourcecode.cpp.cpp; path = Solution18.cpp; sourceTree = "<group>"; };
		9D2F17621DD07CA000CA617F /* Solution19.cpp */ = {isa = PBXFileReference; fileEncoding = 4; lastKnownFileType = sourcecode.cpp.cpp; path = Solution19.cpp; sourceTree = "<group>"; };
		9D2F17641DD07E3200CA617F /* Solution20.cpp */ = {isa = PBXFileReference; fileEncoding = 4; lastKnownFileType = sourcecode.cpp.cpp; path = Solution20.cpp; sourceTree = "<group>"; };
		9D2F17661DD07FD400CA617F /* Solution21.cpp */ = {isa = PBXFileReference; fileEncoding = 4; lastKnownFileType = sourcecode.cpp.cpp; path = Solution21.cpp; sourceTree = "<group>"; };
		9D2F176C1DD0A2B600CA617F /* Iterator */ = {isa = PBXFileReference; explicitFileType = "compiled.mach-o.executable"; includeInIndex = 0; path = Iterator; sourceTree = BUILT_PRODUCTS_DIR; };
		9D2F17731DD0A2CB00CA617F /* advance1.cpp */ = {isa = PBXFileReference; fileEncoding = 4; lastKnownFileType = sourcecode.cpp.cpp; path = advance1.cpp; sourceTree = "<group>"; };
		9D2F17751DD0B38A00CA617F /* distance.cpp */ = {isa = PBXFileReference; fileEncoding = 4; lastKnownFileType = sourcecode.cpp.cpp; path = distance.cpp; sourceTree = "<group>"; };
		9D2F177B1DD0B77300CA617F /* functors */ = {isa = PBXFileReference; explicitFileType = "compiled.mach-o.executable"; includeInIndex = 0; path = functors; sourceTree = BUILT_PRODUCTS_DIR; };
		9D2F17821DD0B78F00CA617F /* genera1.cpp */ = {isa = PBXFileReference; fileEncoding = 4; lastKnownFileType = sourcecode.cpp.cpp; path = genera1.cpp; sourceTree = "<group>"; };
		9D2F17851DD0BBEC00CA617F /* foreach3.cpp */ = {isa = PBXFileReference; fileEncoding = 4; lastKnownFileType = sourcecode.cpp.cpp; path = foreach3.cpp; sourceTree = "<group>"; };
		9D2F17871DD0C1D500CA617F /* memfunla.cpp */ = {isa = PBXFileReference; fileEncoding = 4; lastKnownFileType = sourcecode.cpp.cpp; path = memfunla.cpp; sourceTree = "<group>"; };
		9D2F17891DD0C65000CA617F /* fopow.hpp */ = {isa = PBXFileReference; fileEncoding = 4; lastKnownFileType = sourcecode.cpp.h; path = fopow.hpp; sourceTree = "<group>"; };
		9D2F178B1DD15A8800CA617F /* compose11.hpp */ = {isa = PBXFileReference; fileEncoding = 4; lastKnownFileType = sourcecode.cpp.h; path = compose11.hpp; sourceTree = "<group>"; };
		9D2F178D1DD15C1600CA617F /* compose1.cpp */ = {isa = PBXFileReference; fileEncoding = 4; lastKnownFileType = sourcecode.cpp.cpp; path = compose1.cpp; sourceTree = "<group>"; };
		9D2F178F1DD15DBC00CA617F /* compose21.hpp */ = {isa = PBXFileReference; fileEncoding = 4; lastKnownFileType = sourcecode.cpp.h; path = compose21.hpp; sourceTree = "<group>"; };
		9D2F17911DD1601600CA617F /* compose2.cpp */ = {isa = PBXFileReference; fileEncoding = 4; lastKnownFileType = sourcecode.cpp.cpp; path = compose2.cpp; sourceTree = "<group>"; };
		9D2F17931DD190A100CA617F /* compose22.hpp */ = {isa = PBXFileReference; fileEncoding = 4; lastKnownFileType = sourcecode.cpp.h; path = compose22.hpp; sourceTree = "<group>"; };
		9D2F17951DD191FD00CA617F /* compose3.cpp */ = {isa = PBXFileReference; fileEncoding = 4; lastKnownFileType = sourcecode.cpp.cpp; path = compose3.cpp; sourceTree = "<group>"; };
		9D2F17991DD19A5B00CA617F /* algorithm0.markdownd */ = {isa = PBXFileReference; fileEncoding = 4; lastKnownFileType = text; path = algorithm0.markdownd; sourceTree = "<group>"; };
		9D2F179F1DD1C87700CA617F /* newcoder01 */ = {isa = PBXFileReference; explicitFileType = "compiled.mach-o.executable"; includeInIndex = 0; path = newcoder01; sourceTree = BUILT_PRODUCTS_DIR; };
		9D2F17A61DD1C8C400CA617F /* Solution1.cpp */ = {isa = PBXFileReference; fileEncoding = 4; lastKnownFileType = sourcecode.cpp.cpp; path = Solution1.cpp; sourceTree = "<group>"; };
		9D2F17A81DD1CCD500CA617F /* Solution2.cpp */ = {isa = PBXFileReference; fileEncoding = 4; lastKnownFileType = sourcecode.cpp.cpp; path = Solution2.cpp; sourceTree = "<group>"; };
		9D2F17AA1DD1D15A00CA617F /* Solution3.cpp */ = {isa = PBXFileReference; fileEncoding = 4; lastKnownFileType = sourcecode.cpp.cpp; path = Solution3.cpp; sourceTree = "<group>"; };
		9D2F17AC1DD1D48200CA617F /* Solution4.cpp */ = {isa = PBXFileReference; fileEncoding = 4; lastKnownFileType = sourcecode.cpp.cpp; path = Solution4.cpp; sourceTree = "<group>"; };
		9D40C6A71DDC149B003F0AEC /* nc05 */ = {isa = PBXFileReference; explicitFileType = "compiled.mach-o.executable"; includeInIndex = 0; path = nc05; sourceTree = BUILT_PRODUCTS_DIR; };
		9D40C6AE1DDC14C0003F0AEC /* solution01.cpp */ = {isa = PBXFileReference; fileEncoding = 4; lastKnownFileType = sourcecode.cpp.cpp; path = solution01.cpp; sourceTree = "<group>"; };
		9D492B0B1DA2343800401573 /* cpp */ = {isa = PBXFileReference; explicitFileType = "compiled.mach-o.executable"; includeInIndex = 0; path = cpp; sourceTree = BUILT_PRODUCTS_DIR; };
		9D492B0E1DA2343800401573 /* main.cpp */ = {isa = PBXFileReference; lastKnownFileType = sourcecode.cpp.cpp; path = main.cpp; sourceTree = "<group>"; };
		9D5167671DD6F4DF004819FF /* newcoder03 */ = {isa = PBXFileReference; explicitFileType = "compiled.mach-o.executable"; includeInIndex = 0; path = newcoder03; sourceTree = BUILT_PRODUCTS_DIR; };
		9D51676E1DD6F502004819FF /* Solution1.cpp */ = {isa = PBXFileReference; fileEncoding = 4; lastKnownFileType = sourcecode.cpp.cpp; path = Solution1.cpp; sourceTree = "<group>"; };
		9D5167721DD6F7AE004819FF /* Solution2.cpp */ = {isa = PBXFileReference; fileEncoding = 4; lastKnownFileType = sourcecode.cpp.cpp; path = Solution2.cpp; sourceTree = "<group>"; };
		9D5167741DD7134E004819FF /* Solution3.cpp */ = {isa = PBXFileReference; fileEncoding = 4; lastKnownFileType = sourcecode.cpp.cpp; path = Solution3.cpp; sourceTree = "<group>"; };
		9D674D7E1DD48C4800944E17 /* Solution9.cpp */ = {isa = PBXFileReference; fileEncoding = 4; lastKnownFileType = sourcecode.cpp.cpp; path = Solution9.cpp; sourceTree = "<group>"; };
		9D674D801DD4936C00944E17 /* Solution10.cpp */ = {isa = PBXFileReference; fileEncoding = 4; lastKnownFileType = sourcecode.cpp.cpp; path = Solution10.cpp; sourceTree = "<group>"; };
		9D674D821DD4974300944E17 /* Solution11.cpp */ = {isa = PBXFileReference; fileEncoding = 4; lastKnownFileType = sourcecode.cpp.cpp; path = Solution11.cpp; sourceTree = "<group>"; };
		9D674D841DD49B5100944E17 /* Solution12.cpp */ = {isa = PBXFileReference; fileEncoding = 4; lastKnownFileType = sourcecode.cpp.cpp; path = Solution12.cpp; sourceTree = "<group>"; };
		9D674D861DD49C7300944E17 /* Solution13.cpp */ = {isa = PBXFileReference; fileEncoding = 4; lastKnownFileType = sourcecode.cpp.cpp; path = Solution13.cpp; sourceTree = "<group>"; };
		9D77D7271DD3269200BB5CDF /* cont */ = {isa = PBXFileReference; explicitFileType = "compiled.mach-o.executable"; includeInIndex = 0; path = cont; sourceTree = BUILT_PRODUCTS_DIR; };
		9D77D72E1DD326AD00BB5CDF /* stack1.cpp */ = {isa = PBXFileReference; fileEncoding = 4; lastKnownFileType = sourcecode.cpp.cpp; path = stack1.cpp; sourceTree = "<group>"; };
		9D77D7341DD3334400BB5CDF /* io */ = {isa = PBXFileReference; explicitFileType = "compiled.mach-o.executable"; includeInIndex = 0; path = io; sourceTree = BUILT_PRODUCTS_DIR; };
		9D77D73B1DD3335800BB5CDF /* io1.cpp */ = {isa = PBXFileReference; fileEncoding = 4; lastKnownFileType = sourcecode.cpp.cpp; path = io1.cpp; sourceTree = "<group>"; };
		9D7D6CE31DCCD68400DCCE70 /* vector1.cpp */ = {isa = PBXFileReference; fileEncoding = 4; lastKnownFileType = sourcecode.cpp.cpp; path = vector1.cpp; sourceTree = "<group>"; };
		9D7D6CE51DCCD70300DCCE70 /* deque1.cpp */ = {isa = PBXFileReference; fileEncoding = 4; lastKnownFileType = sourcecode.cpp.cpp; path = deque1.cpp; sourceTree = "<group>"; };
		9D7D6CE71DCCD7E500DCCE70 /* list1.cpp */ = {isa = PBXFileReference; fileEncoding = 4; lastKnownFileType = sourcecode.cpp.cpp; path = list1.cpp; sourceTree = "<group>"; };
		9D7D6CE91DCCE1AE00DCCE70 /* list2.cpp */ = {isa = PBXFileReference; fileEncoding = 4; lastKnownFileType = sourcecode.cpp.cpp; path = list2.cpp; sourceTree = "<group>"; };
		9D7D6CEB1DCCE3B500DCCE70 /* set1.cpp */ = {isa = PBXFileReference; fileEncoding = 4; lastKnownFileType = sourcecode.cpp.cpp; path = set1.cpp; sourceTree = "<group>"; };
		9D7D6CED1DCCE52000DCCE70 /* mmap1.cpp */ = {isa = PBXFileReference; fileEncoding = 4; lastKnownFileType = sourcecode.cpp.cpp; path = mmap1.cpp; sourceTree = "<group>"; };
		9D7D6CEF1DCD641900DCCE70 /* algo.cpp */ = {isa = PBXFileReference; fileEncoding = 4; lastKnownFileType = sourcecode.cpp.cpp; path = algo.cpp; sourceTree = "<group>"; };
		9D7D6CF11DCD665A00DCCE70 /* find1.cpp */ = {isa = PBXFileReference; fileEncoding = 4; lastKnownFileType = sourcecode.cpp.cpp; path = find1.cpp; sourceTree = "<group>"; };
		9D7D6CF31DCD681500DCCE70 /* copy.cpp */ = {isa = PBXFileReference; fileEncoding = 4; lastKnownFileType = sourcecode.cpp.cpp; path = copy.cpp; sourceTree = "<group>"; };
		9D7D6CF51DCD695B00DCCE70 /* collection.markdown */ = {isa = PBXFileReference; fileEncoding = 4; lastKnownFileType = net.daringfireball.markdown; path = collection.markdown; sourceTree = "<group>"; };
		9D7D6CF71DCD69E500DCCE70 /* copy2.cpp */ = {isa = PBXFileReference; fileEncoding = 4; lastKnownFileType = sourcecode.cpp.cpp; path = copy2.cpp; sourceTree = "<group>"; };
		9D7D6CF91DCD6C2900DCCE70 /* copy3.cpp */ = {isa = PBXFileReference; fileEncoding = 4; lastKnownFileType = sourcecode.cpp.cpp; path = copy3.cpp; sourceTree = "<group>"; };
		9D7D6CFB1DCD6DD000DCCE70 /* ioiter1.cpp */ = {isa = PBXFileReference; fileEncoding = 4; lastKnownFileType = sourcecode.cpp.cpp; path = ioiter1.cpp; sourceTree = "<group>"; };
		9D7D6D001DCD71A300DCCE70 /* riter1.cpp */ = {isa = PBXFileReference; fileEncoding = 4; lastKnownFileType = sourcecode.cpp.cpp; path = riter1.cpp; sourceTree = "<group>"; };
		9D7D6D021DCD73BA00DCCE70 /* remove1.cpp */ = {isa = PBXFileReference; fileEncoding = 4; lastKnownFileType = sourcecode.cpp.cpp; path = remove1.cpp; sourceTree = "<group>"; };
		9D7D6D041DCD74D300DCCE70 /* remove2.cpp */ = {isa = PBXFileReference; fileEncoding = 4; lastKnownFileType = sourcecode.cpp.cpp; path = remove2.cpp; sourceTree = "<group>"; };
		9D7D6D061DCD76FD00DCCE70 /* remove3.cpp */ = {isa = PBXFileReference; fileEncoding = 4; lastKnownFileType = sourcecode.cpp.cpp; path = remove3.cpp; sourceTree = "<group>"; };
		9D7D6D081DCD780000DCCE70 /* remove4.cpp */ = {isa = PBXFileReference; fileEncoding = 4; lastKnownFileType = sourcecode.cpp.cpp; path = remove4.cpp; sourceTree = "<group>"; };
		9D7D6D0A1DCD78B000DCCE70 /* print.hpp */ = {isa = PBXFileReference; fileEncoding = 4; lastKnownFileType = sourcecode.cpp.h; path = print.hpp; sourceTree = "<group>"; };
		9D7D6D0C1DCD7A5B00DCCE70 /* foreach1.cpp */ = {isa = PBXFileReference; fileEncoding = 4; lastKnownFileType = sourcecode.cpp.cpp; path = foreach1.cpp; sourceTree = "<group>"; };
		9D7D6D0E1DCD7B6300DCCE70 /* transform1.cpp */ = {isa = PBXFileReference; fileEncoding = 4; lastKnownFileType = sourcecode.cpp.cpp; path = transform1.cpp; sourceTree = "<group>"; };
		9D7D6D101DCD7CD600DCCE70 /* prime1.cpp */ = {isa = PBXFileReference; fileEncoding = 4; lastKnownFileType = sourcecode.cpp.cpp; path = prime1.cpp; sourceTree = "<group>"; };
		9D7D6D121DCD7F4600DCCE70 /* sort1.cpp */ = {isa = PBXFileReference; fileEncoding = 4; lastKnownFileType = sourcecode.cpp.cpp; path = sort1.cpp; sourceTree = "<group>"; };
		9D7D6D141DCD811E00DCCE70 /* foreach2.cpp */ = {isa = PBXFileReference; fileEncoding = 4; lastKnownFileType = sourcecode.cpp.cpp; path = foreach2.cpp; sourceTree = "<group>"; };
		9D7D6D171DCD827800DCCE70 /* add1.cpp */ = {isa = PBXFileReference; fileEncoding = 4; lastKnownFileType = sourcecode.cpp.cpp; path = add1.cpp; sourceTree = "<group>"; };
		9D7D6D191DCD854800DCCE70 /* fo1.cpp */ = {isa = PBXFileReference; fileEncoding = 4; lastKnownFileType = sourcecode.cpp.cpp; path = fo1.cpp; sourceTree = "<group>"; };
		9D7D6D1B1DCD87E000DCCE70 /* iterbug1.cpp */ = {isa = PBXFileReference; fileEncoding = 4; lastKnownFileType = sourcecode.cpp.cpp; path = iterbug1.cpp; sourceTree = "<group>"; };
		9D7D6D211DCD8BA500DCCE70 /* con */ = {isa = PBXFileReference; explicitFileType = "compiled.mach-o.executable"; includeInIndex = 0; path = con; sourceTree = BUILT_PRODUCTS_DIR; };
		9D7D6D231DCD8BA500DCCE70 /* main.cpp */ = {isa = PBXFileReference; lastKnownFileType = sourcecode.cpp.cpp; path = main.cpp; sourceTree = "<group>"; };
		9D7D6D561DCDEEF800DCCE70 /* Container.md */ = {isa = PBXFileReference; fileEncoding = 4; lastKnownFileType = net.daringfireball.markdown; path = Container.md; sourceTree = "<group>"; };
		9D7D6D581DCDF7CD00DCCE70 /* vector1.cpp */ = {isa = PBXFileReference; fileEncoding = 4; lastKnownFileType = sourcecode.cpp.cpp; path = vector1.cpp; sourceTree = "<group>"; };
		9D7D6D5A1DCDFC4200DCCE70 /* deque1.cpp */ = {isa = PBXFileReference; fileEncoding = 4; lastKnownFileType = sourcecode.cpp.cpp; path = deque1.cpp; sourceTree = "<group>"; };
		9D7D6D5C1DCE03A300DCCE70 /* Solution.cpp */ = {isa = PBXFileReference; fileEncoding = 4; lastKnownFileType = sourcecode.cpp.cpp; path = Solution.cpp; sourceTree = "<group>"; };
		9D7D6D5E1DCE0E6600DCCE70 /* random.cpp */ = {isa = PBXFileReference; fileEncoding = 4; lastKnownFileType = sourcecode.cpp.cpp; path = random.cpp; sourceTree = "<group>"; };
		9D7D6D601DCE0F8F00DCCE70 /* CountChar.cpp */ = {isa = PBXFileReference; fileEncoding = 4; lastKnownFileType = sourcecode.cpp.cpp; path = CountChar.cpp; sourceTree = "<group>"; };
		9D7D6D621DCE131500DCCE70 /* hex.cpp */ = {isa = PBXFileReference; fileEncoding = 4; lastKnownFileType = sourcecode.cpp.cpp; path = hex.cpp; sourceTree = "<group>"; };
		9D7D6D641DCE191200DCCE70 /* list1.cpp */ = {isa = PBXFileReference; fileEncoding = 4; lastKnownFileType = sourcecode.cpp.cpp; path = list1.cpp; sourceTree = "<group>"; };
		9D7D6D661DCE24E700DCCE70 /* test.cpp */ = {isa = PBXFileReference; fileEncoding = 4; lastKnownFileType = sourcecode.cpp.cpp; path = test.cpp; sourceTree = "<group>"; };
		9D7D6D671DCE24E700DCCE70 /* test.hpp */ = {isa = PBXFileReference; fileEncoding = 4; lastKnownFileType = sourcecode.cpp.h; path = test.hpp; sourceTree = "<group>"; };
		9DAA5AB61DCEFBA100ACF8F2 /* setcmp.cpp */ = {isa = PBXFileReference; fileEncoding = 4; lastKnownFileType = sourcecode.cpp.cpp; path = setcmp.cpp; sourceTree = "<group>"; };
		9DAA5AD01DCF1A9800ACF8F2 /* map1.cpp */ = {isa = PBXFileReference; fileEncoding = 4; lastKnownFileType = sourcecode.cpp.cpp; path = map1.cpp; sourceTree = "<group>"; };
		9DAA5AD21DCF1CBC00ACF8F2 /* mapcmp.cpp */ = {isa = PBXFileReference; fileEncoding = 4; lastKnownFileType = sourcecode.cpp.cpp; path = mapcmp.cpp; sourceTree = "<group>"; };
		9DAA5AD41DCF21D900ACF8F2 /* array1.cpp */ = {isa = PBXFileReference; fileEncoding = 4; lastKnownFileType = sourcecode.cpp.cpp; path = array1.cpp; sourceTree = "<group>"; };
		9DAA5AD71DCF235F00ACF8F2 /* carray.hpp */ = {isa = PBXFileReference; fileEncoding = 4; lastKnownFileType = sourcecode.cpp.h; path = carray.hpp; sourceTree = "<group>"; };
		9DB30E531DD465620048D5D9 /* newcoder2 */ = {isa = PBXFileReference; explicitFileType = "compiled.mach-o.executable"; includeInIndex = 0; path = newcoder2; sourceTree = BUILT_PRODUCTS_DIR; };
		9DB30E5A1DD465810048D5D9 /* Solution1.cpp */ = {isa = PBXFileReference; fileEncoding = 4; lastKnownFileType = sourcecode.cpp.cpp; path = Solution1.cpp; sourceTree = "<group>"; };
		9DB30E5C1DD467A70048D5D9 /* Solution2.cpp */ = {isa = PBXFileReference; fileEncoding = 4; lastKnownFileType = sourcecode.cpp.cpp; path = Solution2.cpp; sourceTree = "<group>"; };
		9DB30E5E1DD46BD70048D5D9 /* Solution3.cpp */ = {isa = PBXFileReference; fileEncoding = 4; lastKnownFileType = sourcecode.cpp.cpp; path = Solution3.cpp; sourceTree = "<group>"; };
		9DB30E601DD46DF50048D5D9 /* Solution4.cpp */ = {isa = PBXFileReference; fileEncoding = 4; lastKnownFileType = sourcecode.cpp.cpp; path = Solution4.cpp; sourceTree = "<group>"; };
		9DB30E621DD46F870048D5D9 /* Solution5.cpp */ = {isa = PBXFileReference; fileEncoding = 4; lastKnownFileType = sourcecode.cpp.cpp; path = Solution5.cpp; sourceTree = "<group>"; };
		9DB30E641DD470DD0048D5D9 /* Solution6.cpp */ = {isa = PBXFileReference; fileEncoding = 4; lastKnownFileType = sourcecode.cpp.cpp; path = Solution6.cpp; sourceTree = "<group>"; };
		9DB30E661DD472200048D5D9 /* Solution7.cpp */ = {isa = PBXFileReference; fileEncoding = 4; lastKnownFileType = sourcecode.cpp.cpp; path = Solution7.cpp; sourceTree = "<group>"; };
		9DB30E681DD473970048D5D9 /* Solution8.cpp */ = {isa = PBXFileReference; fileEncoding = 4; lastKnownFileType = sourcecode.cpp.cpp; path = Solution8.cpp; sourceTree = "<group>"; };
		9DF455481DCF277D00CB040A /* carray1.cpp */ = {isa = PBXFileReference; fileEncoding = 4; lastKnownFileType = sourcecode.cpp.cpp; path = carray1.cpp; sourceTree = "<group>"; };
		9DF4554C1DCF29C300CB040A /* countptr.hpp */ = {isa = PBXFileReference; fileEncoding = 4; lastKnownFileType = sourcecode.cpp.h; path = countptr.hpp; sourceTree = "<group>"; };
		9DF4554E1DCF2D0C00CB040A /* refsem1.cpp */ = {isa = PBXFileReference; fileEncoding = 4; lastKnownFileType = sourcecode.cpp.cpp; path = refsem1.cpp; sourceTree = "<group>"; };
		9DF455541DCF4F6500CB040A /* algo */ = {isa = PBXFileReference; explicitFileType = "compiled.mach-o.executable"; includeInIndex = 0; path = algo; sourceTree = BUILT_PRODUCTS_DIR; };
		9DF4555C1DCF4F8900CB040A /* algostuff.hpp */ = {isa = PBXFileReference; fileEncoding = 4; lastKnownFileType = sourcecode.cpp.h; path = algostuff.hpp; sourceTree = "<group>"; };
		9DF4555E1DCF51B200CB040A /* foreach1.cpp */ = {isa = PBXFileReference; fileEncoding = 4; lastKnownFileType = sourcecode.cpp.cpp; path = foreach1.cpp; sourceTree = "<group>"; };
/* End PBXFileReference section */

/* Begin PBXFrameworksBuildPhase section */
		9D18AA2A1DD9FEC200883896 /* Frameworks */ = {
			isa = PBXFrameworksBuildPhase;
			buildActionMask = 2147483647;
			files = (
			);
			runOnlyForDeploymentPostprocessing = 0;
		};
		9D2F172D1DD02CAF00CA617F /* Frameworks */ = {
			isa = PBXFrameworksBuildPhase;
			buildActionMask = 2147483647;
			files = (
			);
			runOnlyForDeploymentPostprocessing = 0;
		};
		9D2F17691DD0A2B600CA617F /* Frameworks */ = {
			isa = PBXFrameworksBuildPhase;
			buildActionMask = 2147483647;
			files = (
			);
			runOnlyForDeploymentPostprocessing = 0;
		};
		9D2F17781DD0B77300CA617F /* Frameworks */ = {
			isa = PBXFrameworksBuildPhase;
			buildActionMask = 2147483647;
			files = (
			);
			runOnlyForDeploymentPostprocessing = 0;
		};
		9D2F179C1DD1C87700CA617F /* Frameworks */ = {
			isa = PBXFrameworksBuildPhase;
			buildActionMask = 2147483647;
			files = (
			);
			runOnlyForDeploymentPostprocessing = 0;
		};
		9D40C6A41DDC149B003F0AEC /* Frameworks */ = {
			isa = PBXFrameworksBuildPhase;
			buildActionMask = 2147483647;
			files = (
			);
			runOnlyForDeploymentPostprocessing = 0;
		};
		9D492B081DA2343800401573 /* Frameworks */ = {
			isa = PBXFrameworksBuildPhase;
			buildActionMask = 2147483647;
			files = (
			);
			runOnlyForDeploymentPostprocessing = 0;
		};
		9D5167641DD6F4DF004819FF /* Frameworks */ = {
			isa = PBXFrameworksBuildPhase;
			buildActionMask = 2147483647;
			files = (
			);
			runOnlyForDeploymentPostprocessing = 0;
		};
		9D77D7241DD3269200BB5CDF /* Frameworks */ = {
			isa = PBXFrameworksBuildPhase;
			buildActionMask = 2147483647;
			files = (
			);
			runOnlyForDeploymentPostprocessing = 0;
		};
		9D77D7311DD3334400BB5CDF /* Frameworks */ = {
			isa = PBXFrameworksBuildPhase;
			buildActionMask = 2147483647;
			files = (
			);
			runOnlyForDeploymentPostprocessing = 0;
		};
		9D7D6D1E1DCD8BA500DCCE70 /* Frameworks */ = {
			isa = PBXFrameworksBuildPhase;
			buildActionMask = 2147483647;
			files = (
			);
			runOnlyForDeploymentPostprocessing = 0;
		};
		9DB30E501DD465620048D5D9 /* Frameworks */ = {
			isa = PBXFrameworksBuildPhase;
			buildActionMask = 2147483647;
			files = (
			);
			runOnlyForDeploymentPostprocessing = 0;
		};
		9DF455511DCF4F6500CB040A /* Frameworks */ = {
			isa = PBXFrameworksBuildPhase;
			buildActionMask = 2147483647;
			files = (
			);
			runOnlyForDeploymentPostprocessing = 0;
		};
/* End PBXFrameworksBuildPhase section */

/* Begin PBXGroup section */
		9D18AA2E1DD9FEC300883896 /* newcoder04 */ = {
			isa = PBXGroup;
			children = (
				9D18AA341DD9FED800883896 /* Solution01.cpp */,
				9D18AA361DD9FFCA00883896 /* Solution2.cpp */,
				9D18AA381DDA01A600883896 /* Solution3.cpp */,
				9D18AA3A1DDA036600883896 /* Solution4.cpp */,
				9D18AA3C1DDA054100883896 /* Solution5.cpp */,
			);
			path = newcoder04;
			sourceTree = "<group>";
		};
		9D2F17311DD02CAF00CA617F /* nowcoder */ = {
			isa = PBXGroup;
			children = (
				9D2F17371DD02CE900CA617F /* Solution.cpp */,
				9D2F17391DD033F400CA617F /* Solution1.cpp */,
				9D2F173B1DD039BD00CA617F /* Solution2.cpp */,
				9D2F17401DD04AFE00CA617F /* Solution3.cpp */,
				9D2F173D1DD03DBE00CA617F /* test.cpp */,
				9D2F173E1DD03DBE00CA617F /* test.hpp */,
				9D2F17421DD055D900CA617F /* Solution4.cpp */,
				9D2F17461DD058C200CA617F /* Solution6.cpp */,
				9D2F174D1DD05DB300CA617F /* Solution9.cpp */,
				9D2F174F1DD05ED300CA617F /* Solution10.cpp */,
				9D2F17511DD062D800CA617F /* Solution11.cpp */,
				9D2F17531DD0644700CA617F /* Solution12.cpp */,
				9D2F17551DD069E600CA617F /* Solution13.cpp */,
				9D2F17571DD06E4E00CA617F /* Solution14.cpp */,
				9D2F17481DD059BE00CA617F /* Solution7.cpp */,
				9D2F174A1DD05BB000CA617F /* Solution8.cpp */,
				9D2F17441DD056F500CA617F /* Solution5.cpp */,
				9D2F175A1DD071F500CA617F /* Solution15.cpp */,
				9D2F175C1DD072D500CA617F /* Solution16.cpp */,
				9D2F175E1DD079A500CA617F /* Solution17.cpp */,
				9D2F17601DD07AEA00CA617F /* Solution18.cpp */,
				9D2F17621DD07CA000CA617F /* Solution19.cpp */,
				9D2F17641DD07E3200CA617F /* Solution20.cpp */,
				9D2F17661DD07FD400CA617F /* Solution21.cpp */,
			);
			path = nowcoder;
			sourceTree = "<group>";
		};
		9D2F176D1DD0A2B600CA617F /* Iterator */ = {
			isa = PBXGroup;
			children = (
				9D2F17731DD0A2CB00CA617F /* advance1.cpp */,
				9D2F17751DD0B38A00CA617F /* distance.cpp */,
			);
			path = Iterator;
			sourceTree = "<group>";
		};
		9D2F177C1DD0B77300CA617F /* functors */ = {
			isa = PBXGroup;
			children = (
				9D2F17821DD0B78F00CA617F /* genera1.cpp */,
				9D2F17851DD0BBEC00CA617F /* foreach3.cpp */,
				9D2F17871DD0C1D500CA617F /* memfunla.cpp */,
				9D2F17891DD0C65000CA617F /* fopow.hpp */,
				9D2F178B1DD15A8800CA617F /* compose11.hpp */,
				9D2F178F1DD15DBC00CA617F /* compose21.hpp */,
				9D2F17931DD190A100CA617F /* compose22.hpp */,
				9D2F17911DD1601600CA617F /* compose2.cpp */,
				9D2F17951DD191FD00CA617F /* compose3.cpp */,
				9D2F178D1DD15C1600CA617F /* compose1.cpp */,
			);
			path = functors;
			sourceTree = "<group>";
		};
		9D2F17A01DD1C87700CA617F /* newcoder01 */ = {
			isa = PBXGroup;
			children = (
				9D2F17A61DD1C8C400CA617F /* Solution1.cpp */,
				9D2F17A81DD1CCD500CA617F /* Solution2.cpp */,
				9D2F17AA1DD1D15A00CA617F /* Solution3.cpp */,
				9D2F17AC1DD1D48200CA617F /* Solution4.cpp */,
			);
			path = newcoder01;
			sourceTree = "<group>";
		};
		9D40C6A81DDC149B003F0AEC /* nc05 */ = {
			isa = PBXGroup;
			children = (
				9D40C6AE1DDC14C0003F0AEC /* solution01.cpp */,
				9D1188051DE5A40100926D3C /* Solution02.cpp */,
				9D1188071DE5A71D00926D3C /* Solution03.cpp */,
				9D1188091DE5A9F000926D3C /* Solution04.cpp */,
				9D11880B1DE5AE3200926D3C /* Solution05.cpp */,
			);
			path = nc05;
			sourceTree = "<group>";
		};
		9D492B021DA2343800401573 = {
			isa = PBXGroup;
			children = (
				9DF455551DCF4F6500CB040A /* algo */,
				9D7D6D221DCD8BA500DCCE70 /* con */,
				9D77D7281DD3269200BB5CDF /* cont */,
				9D492B0D1DA2343800401573 /* cpp */,
				9D2F177C1DD0B77300CA617F /* functors */,
				9D77D7351DD3334400BB5CDF /* io */,
				9D2F176D1DD0A2B600CA617F /* Iterator */,
				9D2F17A01DD1C87700CA617F /* newcoder01 */,
				9DB30E541DD465620048D5D9 /* newcoder2 */,
				9D2F17311DD02CAF00CA617F /* nowcoder */,
				9D5167681DD6F4DF004819FF /* newcoder03 */,
				9D18AA2E1DD9FEC300883896 /* newcoder04 */,
				9D40C6A81DDC149B003F0AEC /* nc05 */,
				9D492B0C1DA2343800401573 /* Products */,
			);
			sourceTree = "<group>";
		};
		9D492B0C1DA2343800401573 /* Products */ = {
			isa = PBXGroup;
			children = (
				9D492B0B1DA2343800401573 /* cpp */,
				9D7D6D211DCD8BA500DCCE70 /* con */,
				9DF455541DCF4F6500CB040A /* algo */,
				9D2F17301DD02CAF00CA617F /* nowcoder */,
				9D2F176C1DD0A2B600CA617F /* Iterator */,
				9D2F177B1DD0B77300CA617F /* functors */,
				9D2F179F1DD1C87700CA617F /* newcoder01 */,
				9D77D7271DD3269200BB5CDF /* cont */,
				9D77D7341DD3334400BB5CDF /* io */,
				9DB30E531DD465620048D5D9 /* newcoder2 */,
				9D5167671DD6F4DF004819FF /* newcoder03 */,
				9D18AA2D1DD9FEC200883896 /* newcoder04 */,
				9D40C6A71DDC149B003F0AEC /* nc05 */,
			);
			name = Products;
			sourceTree = "<group>";
		};
		9D492B0D1DA2343800401573 /* cpp */ = {
			isa = PBXGroup;
			children = (
				9D7D6D171DCD827800DCCE70 /* add1.cpp */,
				9D7D6CEF1DCD641900DCCE70 /* algo.cpp */,
				9D7D6CF51DCD695B00DCCE70 /* collection.markdown */,
				9D7D6CF31DCD681500DCCE70 /* copy.cpp */,
				9D7D6CF71DCD69E500DCCE70 /* copy2.cpp */,
				9D7D6CF91DCD6C2900DCCE70 /* copy3.cpp */,
				9D7D6CE51DCCD70300DCCE70 /* deque1.cpp */,
				9D7D6CF11DCD665A00DCCE70 /* find1.cpp */,
				9D7D6D191DCD854800DCCE70 /* fo1.cpp */,
				9D7D6D0C1DCD7A5B00DCCE70 /* foreach1.cpp */,
				9D7D6D141DCD811E00DCCE70 /* foreach2.cpp */,
				9D7D6CFB1DCD6DD000DCCE70 /* ioiter1.cpp */,
				9D7D6D1B1DCD87E000DCCE70 /* iterbug1.cpp */,
				9D7D6CE71DCCD7E500DCCE70 /* list1.cpp */,
				9D7D6CE91DCCE1AE00DCCE70 /* list2.cpp */,
				9D492B0E1DA2343800401573 /* main.cpp */,
				9D7D6CED1DCCE52000DCCE70 /* mmap1.cpp */,
				9D7D6D101DCD7CD600DCCE70 /* prime1.cpp */,
				9D7D6D0A1DCD78B000DCCE70 /* print.hpp */,
				9D7D6D021DCD73BA00DCCE70 /* remove1.cpp */,
				9D7D6D041DCD74D300DCCE70 /* remove2.cpp */,
				9D7D6D061DCD76FD00DCCE70 /* remove3.cpp */,
				9D7D6D081DCD780000DCCE70 /* remove4.cpp */,
				9D7D6D001DCD71A300DCCE70 /* riter1.cpp */,
				9D7D6CEB1DCCE3B500DCCE70 /* set1.cpp */,
				9D7D6D121DCD7F4600DCCE70 /* sort1.cpp */,
				9D7D6D0E1DCD7B6300DCCE70 /* transform1.cpp */,
				9D7D6CE31DCCD68400DCCE70 /* vector1.cpp */,
			);
			path = cpp;
			sourceTree = "<group>";
		};
		9D5167681DD6F4DF004819FF /* newcoder03 */ = {
			isa = PBXGroup;
			children = (
				9D51676E1DD6F502004819FF /* Solution1.cpp */,
				9D5167741DD7134E004819FF /* Solution3.cpp */,
				9D5167721DD6F7AE004819FF /* Solution2.cpp */,
				9D18AA191DD81A7500883896 /* Solution4.cpp */,
				9D18AA1D1DD81CDD00883896 /* Solution6.cpp */,
				9D18AA201DD826DB00883896 /* Solution7.cpp */,
				9D18AA1B1DD81B0800883896 /* Solution5.cpp */,
				9D18AA271DD84A4D00883896 /* Solution9.cpp */,
				9D18AA241DD8476900883896 /* Solution8.cpp */,
			);
			path = newcoder03;
			sourceTree = "<group>";
		};
		9D77D7281DD3269200BB5CDF /* cont */ = {
			isa = PBXGroup;
			children = (
				9D77D72E1DD326AD00BB5CDF /* stack1.cpp */,
			);
			path = cont;
			sourceTree = "<group>";
		};
		9D77D7351DD3334400BB5CDF /* io */ = {
			isa = PBXGroup;
			children = (
				9D77D73B1DD3335800BB5CDF /* io1.cpp */,
			);
			path = io;
			sourceTree = "<group>";
		};
		9D7D6D221DCD8BA500DCCE70 /* con */ = {
			isa = PBXGroup;
			children = (
				9D7D6D231DCD8BA500DCCE70 /* main.cpp */,
				9D7D6D581DCDF7CD00DCCE70 /* vector1.cpp */,
				9D7D6D5A1DCDFC4200DCCE70 /* deque1.cpp */,
				9D7D6D661DCE24E700DCCE70 /* test.cpp */,
				9DAA5AB61DCEFBA100ACF8F2 /* setcmp.cpp */,
				9D7D6D671DCE24E700DCCE70 /* test.hpp */,
				9D7D6D5E1DCE0E6600DCCE70 /* random.cpp */,
				9D7D6D5C1DCE03A300DCCE70 /* Solution.cpp */,
				9D7D6D601DCE0F8F00DCCE70 /* CountChar.cpp */,
				9D7D6D621DCE131500DCCE70 /* hex.cpp */,
				9D7D6D641DCE191200DCCE70 /* list1.cpp */,
				9DAA5AD71DCF235F00ACF8F2 /* carray.hpp */,
				9DF455481DCF277D00CB040A /* carray1.cpp */,
				9DF4554E1DCF2D0C00CB040A /* refsem1.cpp */,
				9DF4554C1DCF29C300CB040A /* countptr.hpp */,
				9DAA5AD41DCF21D900ACF8F2 /* array1.cpp */,
				9D7D6D561DCDEEF800DCCE70 /* Container.md */,
				9DAA5AD01DCF1A9800ACF8F2 /* map1.cpp */,
				9DAA5AD21DCF1CBC00ACF8F2 /* mapcmp.cpp */,
			);
			path = con;
			sourceTree = "<group>";
		};
		9DB30E541DD465620048D5D9 /* newcoder2 */ = {
			isa = PBXGroup;
			children = (
				9DB30E5A1DD465810048D5D9 /* Solution1.cpp */,
				9DB30E5C1DD467A70048D5D9 /* Solution2.cpp */,
				9DB30E5E1DD46BD70048D5D9 /* Solution3.cpp */,
				9DB30E601DD46DF50048D5D9 /* Solution4.cpp */,
				9DB30E621DD46F870048D5D9 /* Solution5.cpp */,
				9DB30E641DD470DD0048D5D9 /* Solution6.cpp */,
				9DB30E661DD472200048D5D9 /* Solution7.cpp */,
				9DB30E681DD473970048D5D9 /* Solution8.cpp */,
				9D674D7E1DD48C4800944E17 /* Solution9.cpp */,
				9D674D801DD4936C00944E17 /* Solution10.cpp */,
				9D674D821DD4974300944E17 /* Solution11.cpp */,
				9D674D841DD49B5100944E17 /* Solution12.cpp */,
				9D674D861DD49C7300944E17 /* Solution13.cpp */,
			);
			path = newcoder2;
			sourceTree = "<group>";
		};
		9DF455551DCF4F6500CB040A /* algo */ = {
			isa = PBXGroup;
			children = (
				9DF4555C1DCF4F8900CB040A /* algostuff.hpp */,
				9D2F17991DD19A5B00CA617F /* algorithm0.markdownd */,
				9DF4555E1DCF51B200CB040A /* foreach1.cpp */,
			);
			path = algo;
			sourceTree = "<group>";
		};
/* End PBXGroup section */

/* Begin PBXNativeTarget section */
		9D18AA2C1DD9FEC200883896 /* newcoder04 */ = {
			isa = PBXNativeTarget;
			buildConfigurationList = 9D18AA331DD9FEC300883896 /* Build configuration list for PBXNativeTarget "newcoder04" */;
			buildPhases = (
				9D18AA291DD9FEC200883896 /* Sources */,
				9D18AA2A1DD9FEC200883896 /* Frameworks */,
				9D18AA2B1DD9FEC200883896 /* CopyFiles */,
			);
			buildRules = (
			);
			dependencies = (
			);
			name = newcoder04;
			productName = newcoder04;
			productReference = 9D18AA2D1DD9FEC200883896 /* newcoder04 */;
			productType = "com.apple.product-type.tool";
		};
		9D2F172F1DD02CAF00CA617F /* nowcoder */ = {
			isa = PBXNativeTarget;
			buildConfigurationList = 9D2F17361DD02CB000CA617F /* Build configuration list for PBXNativeTarget "nowcoder" */;
			buildPhases = (
				9D2F172C1DD02CAF00CA617F /* Sources */,
				9D2F172D1DD02CAF00CA617F /* Frameworks */,
				9D2F172E1DD02CAF00CA617F /* CopyFiles */,
			);
			buildRules = (
			);
			dependencies = (
			);
			name = nowcoder;
			productName = nowcoder;
			productReference = 9D2F17301DD02CAF00CA617F /* nowcoder */;
			productType = "com.apple.product-type.tool";
		};
		9D2F176B1DD0A2B600CA617F /* Iterator */ = {
			isa = PBXNativeTarget;
			buildConfigurationList = 9D2F17701DD0A2B600CA617F /* Build configuration list for PBXNativeTarget "Iterator" */;
			buildPhases = (
				9D2F17681DD0A2B600CA617F /* Sources */,
				9D2F17691DD0A2B600CA617F /* Frameworks */,
				9D2F176A1DD0A2B600CA617F /* CopyFiles */,
			);
			buildRules = (
			);
			dependencies = (
			);
			name = Iterator;
			productName = Iterator;
			productReference = 9D2F176C1DD0A2B600CA617F /* Iterator */;
			productType = "com.apple.product-type.tool";
		};
		9D2F177A1DD0B77300CA617F /* functors */ = {
			isa = PBXNativeTarget;
			buildConfigurationList = 9D2F177F1DD0B77300CA617F /* Build configuration list for PBXNativeTarget "functors" */;
			buildPhases = (
				9D2F17771DD0B77300CA617F /* Sources */,
				9D2F17781DD0B77300CA617F /* Frameworks */,
				9D2F17791DD0B77300CA617F /* CopyFiles */,
			);
			buildRules = (
			);
			dependencies = (
			);
			name = functors;
			productName = functors;
			productReference = 9D2F177B1DD0B77300CA617F /* functors */;
			productType = "com.apple.product-type.tool";
		};
		9D2F179E1DD1C87700CA617F /* newcoder01 */ = {
			isa = PBXNativeTarget;
			buildConfigurationList = 9D2F17A31DD1C87700CA617F /* Build configuration list for PBXNativeTarget "newcoder01" */;
			buildPhases = (
				9D2F179B1DD1C87700CA617F /* Sources */,
				9D2F179C1DD1C87700CA617F /* Frameworks */,
				9D2F179D1DD1C87700CA617F /* CopyFiles */,
			);
			buildRules = (
			);
			dependencies = (
			);
			name = newcoder01;
			productName = newcoder01;
			productReference = 9D2F179F1DD1C87700CA617F /* newcoder01 */;
			productType = "com.apple.product-type.tool";
		};
		9D40C6A61DDC149B003F0AEC /* nc05 */ = {
			isa = PBXNativeTarget;
			buildConfigurationList = 9D40C6AD1DDC149B003F0AEC /* Build configuration list for PBXNativeTarget "nc05" */;
			buildPhases = (
				9D40C6A31DDC149B003F0AEC /* Sources */,
				9D40C6A41DDC149B003F0AEC /* Frameworks */,
				9D40C6A51DDC149B003F0AEC /* CopyFiles */,
			);
			buildRules = (
			);
			dependencies = (
			);
			name = nc05;
			productName = nc05;
			productReference = 9D40C6A71DDC149B003F0AEC /* nc05 */;
			productType = "com.apple.product-type.tool";
		};
		9D492B0A1DA2343800401573 /* cpp */ = {
			isa = PBXNativeTarget;
			buildConfigurationList = 9D492B121DA2343800401573 /* Build configuration list for PBXNativeTarget "cpp" */;
			buildPhases = (
				9D492B071DA2343800401573 /* Sources */,
				9D492B081DA2343800401573 /* Frameworks */,
				9D492B091DA2343800401573 /* CopyFiles */,
			);
			buildRules = (
			);
			dependencies = (
			);
			name = cpp;
			productName = cpp;
			productReference = 9D492B0B1DA2343800401573 /* cpp */;
			productType = "com.apple.product-type.tool";
		};
		9D5167661DD6F4DF004819FF /* newcoder03 */ = {
			isa = PBXNativeTarget;
			buildConfigurationList = 9D51676D1DD6F4DF004819FF /* Build configuration list for PBXNativeTarget "newcoder03" */;
			buildPhases = (
				9D5167631DD6F4DF004819FF /* Sources */,
				9D5167641DD6F4DF004819FF /* Frameworks */,
				9D5167651DD6F4DF004819FF /* CopyFiles */,
			);
			buildRules = (
			);
			dependencies = (
			);
			name = newcoder03;
			productName = newcoder03;
			productReference = 9D5167671DD6F4DF004819FF /* newcoder03 */;
			productType = "com.apple.product-type.tool";
		};
		9D77D7261DD3269200BB5CDF /* cont */ = {
			isa = PBXNativeTarget;
			buildConfigurationList = 9D77D72D1DD3269200BB5CDF /* Build configuration list for PBXNativeTarget "cont" */;
			buildPhases = (
				9D77D7231DD3269200BB5CDF /* Sources */,
				9D77D7241DD3269200BB5CDF /* Frameworks */,
				9D77D7251DD3269200BB5CDF /* CopyFiles */,
			);
			buildRules = (
			);
			dependencies = (
			);
			name = cont;
			productName = cont;
			productReference = 9D77D7271DD3269200BB5CDF /* cont */;
			productType = "com.apple.product-type.tool";
		};
		9D77D7331DD3334400BB5CDF /* io */ = {
			isa = PBXNativeTarget;
			buildConfigurationList = 9D77D7381DD3334400BB5CDF /* Build configuration list for PBXNativeTarget "io" */;
			buildPhases = (
				9D77D7301DD3334400BB5CDF /* Sources */,
				9D77D7311DD3334400BB5CDF /* Frameworks */,
				9D77D7321DD3334400BB5CDF /* CopyFiles */,
			);
			buildRules = (
			);
			dependencies = (
			);
			name = io;
			productName = io;
			productReference = 9D77D7341DD3334400BB5CDF /* io */;
			productType = "com.apple.product-type.tool";
		};
		9D7D6D201DCD8BA500DCCE70 /* con */ = {
			isa = PBXNativeTarget;
			buildConfigurationList = 9D7D6D251DCD8BA600DCCE70 /* Build configuration list for PBXNativeTarget "con" */;
			buildPhases = (
				9D7D6D1D1DCD8BA500DCCE70 /* Sources */,
				9D7D6D1E1DCD8BA500DCCE70 /* Frameworks */,
				9D7D6D1F1DCD8BA500DCCE70 /* CopyFiles */,
			);
			buildRules = (
			);
			dependencies = (
			);
			name = con;
			productName = con;
			productReference = 9D7D6D211DCD8BA500DCCE70 /* con */;
			productType = "com.apple.product-type.tool";
		};
		9DB30E521DD465620048D5D9 /* newcoder2 */ = {
			isa = PBXNativeTarget;
			buildConfigurationList = 9DB30E591DD465620048D5D9 /* Build configuration list for PBXNativeTarget "newcoder2" */;
			buildPhases = (
				9DB30E4F1DD465620048D5D9 /* Sources */,
				9DB30E501DD465620048D5D9 /* Frameworks */,
				9DB30E511DD465620048D5D9 /* CopyFiles */,
			);
			buildRules = (
			);
			dependencies = (
			);
			name = newcoder2;
			productName = newcoder2;
			productReference = 9DB30E531DD465620048D5D9 /* newcoder2 */;
			productType = "com.apple.product-type.tool";
		};
		9DF455531DCF4F6500CB040A /* algo */ = {
			isa = PBXNativeTarget;
			buildConfigurationList = 9DF455581DCF4F6500CB040A /* Build configuration list for PBXNativeTarget "algo" */;
			buildPhases = (
				9DF455501DCF4F6500CB040A /* Sources */,
				9DF455511DCF4F6500CB040A /* Frameworks */,
				9DF455521DCF4F6500CB040A /* CopyFiles */,
			);
			buildRules = (
			);
			dependencies = (
			);
			name = algo;
			productName = algo;
			productReference = 9DF455541DCF4F6500CB040A /* algo */;
			productType = "com.apple.product-type.tool";
		};
/* End PBXNativeTarget section */

/* Begin PBXProject section */
		9D492B031DA2343800401573 /* Project object */ = {
			isa = PBXProject;
			attributes = {
				LastUpgradeCheck = 0800;
				ORGANIZATIONNAME = Feast;
				TargetAttributes = {
					9D18AA2C1DD9FEC200883896 = {
						CreatedOnToolsVersion = 8.0;
						ProvisioningStyle = Automatic;
					};
					9D2F172F1DD02CAF00CA617F = {
						CreatedOnToolsVersion = 8.0;
						ProvisioningStyle = Automatic;
					};
					9D2F176B1DD0A2B600CA617F = {
						CreatedOnToolsVersion = 8.0;
						ProvisioningStyle = Automatic;
					};
					9D2F177A1DD0B77300CA617F = {
						CreatedOnToolsVersion = 8.0;
						ProvisioningStyle = Automatic;
					};
					9D2F179E1DD1C87700CA617F = {
						CreatedOnToolsVersion = 8.0;
						ProvisioningStyle = Automatic;
					};
					9D40C6A61DDC149B003F0AEC = {
						CreatedOnToolsVersion = 8.0;
						ProvisioningStyle = Automatic;
					};
					9D492B0A1DA2343800401573 = {
						CreatedOnToolsVersion = 7.0;
					};
					9D5167661DD6F4DF004819FF = {
						CreatedOnToolsVersion = 8.0;
						ProvisioningStyle = Automatic;
					};
					9D77D7261DD3269200BB5CDF = {
						CreatedOnToolsVersion = 8.0;
						ProvisioningStyle = Automatic;
					};
					9D77D7331DD3334400BB5CDF = {
						CreatedOnToolsVersion = 8.0;
						ProvisioningStyle = Automatic;
					};
					9D7D6D201DCD8BA500DCCE70 = {
						CreatedOnToolsVersion = 8.0;
						ProvisioningStyle = Automatic;
					};
					9DB30E521DD465620048D5D9 = {
						CreatedOnToolsVersion = 8.0;
						ProvisioningStyle = Automatic;
					};
					9DF455531DCF4F6500CB040A = {
						CreatedOnToolsVersion = 8.0;
						ProvisioningStyle = Automatic;
					};
				};
			};
			buildConfigurationList = 9D492B061DA2343800401573 /* Build configuration list for PBXProject "cpp" */;
			compatibilityVersion = "Xcode 3.2";
			developmentRegion = English;
			hasScannedForEncodings = 0;
			knownRegions = (
				en,
			);
			mainGroup = 9D492B021DA2343800401573;
			productRefGroup = 9D492B0C1DA2343800401573 /* Products */;
			projectDirPath = "";
			projectRoot = "";
			targets = (
				9D492B0A1DA2343800401573 /* cpp */,
				9D7D6D201DCD8BA500DCCE70 /* con */,
				9DF455531DCF4F6500CB040A /* algo */,
				9D2F172F1DD02CAF00CA617F /* nowcoder */,
				9D2F176B1DD0A2B600CA617F /* Iterator */,
				9D2F177A1DD0B77300CA617F /* functors */,
				9D2F179E1DD1C87700CA617F /* newcoder01 */,
				9D77D7261DD3269200BB5CDF /* cont */,
				9D77D7331DD3334400BB5CDF /* io */,
				9DB30E521DD465620048D5D9 /* newcoder2 */,
				9D5167661DD6F4DF004819FF /* newcoder03 */,
				9D18AA2C1DD9FEC200883896 /* newcoder04 */,
				9D40C6A61DDC149B003F0AEC /* nc05 */,
			);
		};
/* End PBXProject section */

/* Begin PBXSourcesBuildPhase section */
		9D18AA291DD9FEC200883896 /* Sources */ = {
			isa = PBXSourcesBuildPhase;
			buildActionMask = 2147483647;
			files = (
				9D18AA391DDA01A600883896 /* Solution3.cpp in Sources */,
				9D18AA351DD9FED800883896 /* Solution01.cpp in Sources */,
				9D18AA3E1DDA054100883896 /* Solution5.cpp in Sources */,
				9D18AA371DD9FFCA00883896 /* Solution2.cpp in Sources */,
				9D18AA3B1DDA036600883896 /* Solution4.cpp in Sources */,
			);
			runOnlyForDeploymentPostprocessing = 0;
		};
		9D2F172C1DD02CAF00CA617F /* Sources */ = {
			isa = PBXSourcesBuildPhase;
			buildActionMask = 2147483647;
			files = (
				9D2F173A1DD033F400CA617F /* Solution1.cpp in Sources */,
				9D2F173C1DD039BD00CA617F /* Solution2.cpp in Sources */,
			);
			runOnlyForDeploymentPostprocessing = 0;
		};
		9D2F17681DD0A2B600CA617F /* Sources */ = {
			isa = PBXSourcesBuildPhase;
			buildActionMask = 2147483647;
			files = (
			);
			runOnlyForDeploymentPostprocessing = 0;
		};
		9D2F17771DD0B77300CA617F /* Sources */ = {
			isa = PBXSourcesBuildPhase;
			buildActionMask = 2147483647;
			files = (
			);
			runOnlyForDeploymentPostprocessing = 0;
		};
		9D2F179B1DD1C87700CA617F /* Sources */ = {
			isa = PBXSourcesBuildPhase;
			buildActionMask = 2147483647;
			files = (
			);
			runOnlyForDeploymentPostprocessing = 0;
		};
		9D40C6A31DDC149B003F0AEC /* Sources */ = {
			isa = PBXSourcesBuildPhase;
			buildActionMask = 2147483647;
			files = (
				9D1188061DE5A40100926D3C /* Solution02.cpp in Sources */,
				9D11880D1DE5AE3200926D3C /* Solution05.cpp in Sources */,
				9D1188081DE5A71D00926D3C /* Solution03.cpp in Sources */,
				9D11880A1DE5A9F000926D3C /* Solution04.cpp in Sources */,
			);
			runOnlyForDeploymentPostprocessing = 0;
		};
		9D492B071DA2343800401573 /* Sources */ = {
			isa = PBXSourcesBuildPhase;
			buildActionMask = 2147483647;
			files = (
			);
			runOnlyForDeploymentPostprocessing = 0;
		};
		9D5167631DD6F4DF004819FF /* Sources */ = {
			isa = PBXSourcesBuildPhase;
			buildActionMask = 2147483647;
			files = (
				9D18AA281DD84A4D00883896 /* Solution9.cpp in Sources */,
			);
			runOnlyForDeploymentPostprocessing = 0;
		};
		9D77D7231DD3269200BB5CDF /* Sources */ = {
			isa = PBXSourcesBuildPhase;
			buildActionMask = 2147483647;
			files = (
				9D77D72F1DD326AD00BB5CDF /* stack1.cpp in Sources */,
			);
			runOnlyForDeploymentPostprocessing = 0;
		};
		9D77D7301DD3334400BB5CDF /* Sources */ = {
			isa = PBXSourcesBuildPhase;
			buildActionMask = 2147483647;
			files = (
			);
			runOnlyForDeploymentPostprocessing = 0;
		};
		9D7D6D1D1DCD8BA500DCCE70 /* Sources */ = {
			isa = PBXSourcesBuildPhase;
			buildActionMask = 2147483647;
			files = (
			);
			runOnlyForDeploymentPostprocessing = 0;
		};
		9DB30E4F1DD465620048D5D9 /* Sources */ = {
			isa = PBXSourcesBuildPhase;
			buildActionMask = 2147483647;
			files = (
				9D674D871DD49C7300944E17 /* Solution13.cpp in Sources */,
				9D674D851DD49B5100944E17 /* Solution12.cpp in Sources */,
			);
			runOnlyForDeploymentPostprocessing = 0;
		};
		9DF455501DCF4F6500CB040A /* Sources */ = {
			isa = PBXSourcesBuildPhase;
			buildActionMask = 2147483647;
			files = (
			);
			runOnlyForDeploymentPostprocessing = 0;
		};
/* End PBXSourcesBuildPhase section */

/* Begin XCBuildConfiguration section */
		9D18AA311DD9FEC300883896 /* Debug */ = {
			isa = XCBuildConfiguration;
			buildSettings = {
				CLANG_ANALYZER_NONNULL = YES;
				CLANG_WARN_DOCUMENTATION_COMMENTS = YES;
				CLANG_WARN_SUSPICIOUS_MOVES = YES;
				CODE_SIGN_IDENTITY = "-";
				PRODUCT_NAME = "$(TARGET_NAME)";
			};
			name = Debug;
		};
		9D18AA321DD9FEC300883896 /* Release */ = {
			isa = XCBuildConfiguration;
			buildSettings = {
				CLANG_ANALYZER_NONNULL = YES;
				CLANG_WARN_DOCUMENTATION_COMMENTS = YES;
				CLANG_WARN_SUSPICIOUS_MOVES = YES;
				CODE_SIGN_IDENTITY = "-";
				PRODUCT_NAME = "$(TARGET_NAME)";
			};
			name = Release;
		};
		9D2F17341DD02CAF00CA617F /* Debug */ = {
			isa = XCBuildConfiguration;
			buildSettings = {
				CLANG_ANALYZER_NONNULL = YES;
				CLANG_WARN_DOCUMENTATION_COMMENTS = YES;
				CLANG_WARN_SUSPICIOUS_MOVES = YES;
				CODE_SIGN_IDENTITY = "-";
				PRODUCT_NAME = "$(TARGET_NAME)";
			};
			name = Debug;
		};
		9D2F17351DD02CAF00CA617F /* Release */ = {
			isa = XCBuildConfiguration;
			buildSettings = {
				CLANG_ANALYZER_NONNULL = YES;
				CLANG_WARN_DOCUMENTATION_COMMENTS = YES;
				CLANG_WARN_SUSPICIOUS_MOVES = YES;
				CODE_SIGN_IDENTITY = "-";
				PRODUCT_NAME = "$(TARGET_NAME)";
			};
			name = Release;
		};
		9D2F17711DD0A2B600CA617F /* Debug */ = {
			isa = XCBuildConfiguration;
			buildSettings = {
				CLANG_ANALYZER_NONNULL = YES;
				CLANG_WARN_DOCUMENTATION_COMMENTS = YES;
				CLANG_WARN_SUSPICIOUS_MOVES = YES;
				CODE_SIGN_IDENTITY = "-";
				PRODUCT_NAME = "$(TARGET_NAME)";
			};
			name = Debug;
		};
		9D2F17721DD0A2B600CA617F /* Release */ = {
			isa = XCBuildConfiguration;
			buildSettings = {
				CLANG_ANALYZER_NONNULL = YES;
				CLANG_WARN_DOCUMENTATION_COMMENTS = YES;
				CLANG_WARN_SUSPICIOUS_MOVES = YES;
				CODE_SIGN_IDENTITY = "-";
				PRODUCT_NAME = "$(TARGET_NAME)";
			};
			name = Release;
		};
		9D2F17801DD0B77300CA617F /* Debug */ = {
			isa = XCBuildConfiguration;
			buildSettings = {
				CLANG_ANALYZER_NONNULL = YES;
				CLANG_WARN_DOCUMENTATION_COMMENTS = YES;
				CLANG_WARN_SUSPICIOUS_MOVES = YES;
				CODE_SIGN_IDENTITY = "-";
				PRODUCT_NAME = "$(TARGET_NAME)";
			};
			name = Debug;
		};
		9D2F17811DD0B77300CA617F /* Release */ = {
			isa = XCBuildConfiguration;
			buildSettings = {
				CLANG_ANALYZER_NONNULL = YES;
				CLANG_WARN_DOCUMENTATION_COMMENTS = YES;
				CLANG_WARN_SUSPICIOUS_MOVES = YES;
				CODE_SIGN_IDENTITY = "-";
				PRODUCT_NAME = "$(TARGET_NAME)";
			};
			name = Release;
		};
		9D2F17A41DD1C87700CA617F /* Debug */ = {
			isa = XCBuildConfiguration;
			buildSettings = {
				CLANG_ANALYZER_NONNULL = YES;
				CLANG_WARN_DOCUMENTATION_COMMENTS = YES;
				CLANG_WARN_SUSPICIOUS_MOVES = YES;
				CODE_SIGN_IDENTITY = "-";
				PRODUCT_NAME = "$(TARGET_NAME)";
			};
			name = Debug;
		};
		9D2F17A51DD1C87700CA617F /* Release */ = {
			isa = XCBuildConfiguration;
			buildSettings = {
				CLANG_ANALYZER_NONNULL = YES;
				CLANG_WARN_DOCUMENTATION_COMMENTS = YES;
				CLANG_WARN_SUSPICIOUS_MOVES = YES;
				CODE_SIGN_IDENTITY = "-";
				PRODUCT_NAME = "$(TARGET_NAME)";
			};
			name = Release;
		};
		9D40C6AB1DDC149B003F0AEC /* Debug */ = {
			isa = XCBuildConfiguration;
			buildSettings = {
				CLANG_ANALYZER_NONNULL = YES;
				CLANG_WARN_DOCUMENTATION_COMMENTS = YES;
				CLANG_WARN_SUSPICIOUS_MOVES = YES;
				CODE_SIGN_IDENTITY = "-";
				PRODUCT_NAME = "$(TARGET_NAME)";
			};
			name = Debug;
		};
		9D40C6AC1DDC149B003F0AEC /* Release */ = {
			isa = XCBuildConfiguration;
			buildSettings = {
				CLANG_ANALYZER_NONNULL = YES;
				CLANG_WARN_DOCUMENTATION_COMMENTS = YES;
				CLANG_WARN_SUSPICIOUS_MOVES = YES;
				CODE_SIGN_IDENTITY = "-";
				PRODUCT_NAME = "$(TARGET_NAME)";
			};
			name = Release;
		};
		9D492B101DA2343800401573 /* Debug */ = {
			isa = XCBuildConfiguration;
			buildSettings = {
				ALWAYS_SEARCH_USER_PATHS = NO;
				CLANG_CXX_LANGUAGE_STANDARD = "gnu++0x";
				CLANG_CXX_LIBRARY = "libc++";
				CLANG_ENABLE_MODULES = YES;
				CLANG_ENABLE_OBJC_ARC = YES;
				CLANG_WARN_BOOL_CONVERSION = YES;
				CLANG_WARN_CONSTANT_CONVERSION = YES;
				CLANG_WARN_DIRECT_OBJC_ISA_USAGE = YES_ERROR;
				CLANG_WARN_EMPTY_BODY = YES;
				CLANG_WARN_ENUM_CONVERSION = YES;
				CLANG_WARN_INFINITE_RECURSION = YES;
				CLANG_WARN_INT_CONVERSION = YES;
				CLANG_WARN_OBJC_ROOT_CLASS = YES_ERROR;
				CLANG_WARN_SUSPICIOUS_MOVE = YES;
				CLANG_WARN_UNREACHABLE_CODE = YES;
				CLANG_WARN__DUPLICATE_METHOD_MATCH = YES;
				COPY_PHASE_STRIP = NO;
				DEBUG_INFORMATION_FORMAT = dwarf;
				ENABLE_STRICT_OBJC_MSGSEND = YES;
				ENABLE_TESTABILITY = YES;
				GCC_C_LANGUAGE_STANDARD = gnu99;
				GCC_DYNAMIC_NO_PIC = NO;
				GCC_NO_COMMON_BLOCKS = YES;
				GCC_OPTIMIZATION_LEVEL = 0;
				GCC_PREPROCESSOR_DEFINITIONS = (
					"DEBUG=1",
					"$(inherited)",
				);
				GCC_WARN_64_TO_32_BIT_CONVERSION = YES;
				GCC_WARN_ABOUT_RETURN_TYPE = YES_ERROR;
				GCC_WARN_UNDECLARED_SELECTOR = YES;
				GCC_WARN_UNINITIALIZED_AUTOS = YES_AGGRESSIVE;
				GCC_WARN_UNUSED_FUNCTION = YES;
				GCC_WARN_UNUSED_VARIABLE = YES;
				MACOSX_DEPLOYMENT_TARGET = 10.12;
				MTL_ENABLE_DEBUG_INFO = YES;
				ONLY_ACTIVE_ARCH = YES;
				SDKROOT = macosx;
			};
			name = Debug;
		};
		9D492B111DA2343800401573 /* Release */ = {
			isa = XCBuildConfiguration;
			buildSettings = {
				ALWAYS_SEARCH_USER_PATHS = NO;
				CLANG_CXX_LANGUAGE_STANDARD = "gnu++0x";
				CLANG_CXX_LIBRARY = "libc++";
				CLANG_ENABLE_MODULES = YES;
				CLANG_ENABLE_OBJC_ARC = YES;
				CLANG_WARN_BOOL_CONVERSION = YES;
				CLANG_WARN_CONSTANT_CONVERSION = YES;
				CLANG_WARN_DIRECT_OBJC_ISA_USAGE = YES_ERROR;
				CLANG_WARN_EMPTY_BODY = YES;
				CLANG_WARN_ENUM_CONVERSION = YES;
				CLANG_WARN_INFINITE_RECURSION = YES;
				CLANG_WARN_INT_CONVERSION = YES;
				CLANG_WARN_OBJC_ROOT_CLASS = YES_ERROR;
				CLANG_WARN_SUSPICIOUS_MOVE = YES;
				CLANG_WARN_UNREACHABLE_CODE = YES;
				CLANG_WARN__DUPLICATE_METHOD_MATCH = YES;
				COPY_PHASE_STRIP = NO;
				DEBUG_INFORMATION_FORMAT = "dwarf-with-dsym";
				ENABLE_NS_ASSERTIONS = NO;
				ENABLE_STRICT_OBJC_MSGSEND = YES;
				GCC_C_LANGUAGE_STANDARD = gnu99;
				GCC_NO_COMMON_BLOCKS = YES;
				GCC_WARN_64_TO_32_BIT_CONVERSION = YES;
				GCC_WARN_ABOUT_RETURN_TYPE = YES_ERROR;
				GCC_WARN_UNDECLARED_SELECTOR = YES;
				GCC_WARN_UNINITIALIZED_AUTOS = YES_AGGRESSIVE;
				GCC_WARN_UNUSED_FUNCTION = YES;
				GCC_WARN_UNUSED_VARIABLE = YES;
				MACOSX_DEPLOYMENT_TARGET = 10.12;
				MTL_ENABLE_DEBUG_INFO = NO;
				SDKROOT = macosx;
			};
			name = Release;
		};
		9D492B131DA2343800401573 /* Debug */ = {
			isa = XCBuildConfiguration;
			buildSettings = {
				OTHER_LDFLAGS = "";
				PRODUCT_NAME = "$(TARGET_NAME)";
			};
			name = Debug;
		};
		9D492B141DA2343800401573 /* Release */ = {
			isa = XCBuildConfiguration;
			buildSettings = {
				OTHER_LDFLAGS = "";
				PRODUCT_NAME = "$(TARGET_NAME)";
			};
			name = Release;
		};
		9D51676B1DD6F4DF004819FF /* Debug */ = {
			isa = XCBuildConfiguration;
			buildSettings = {
				CLANG_ANALYZER_NONNULL = YES;
				CLANG_WARN_DOCUMENTATION_COMMENTS = YES;
				CLANG_WARN_SUSPICIOUS_MOVES = YES;
				CODE_SIGN_IDENTITY = "-";
				PRODUCT_NAME = "$(TARGET_NAME)";
			};
			name = Debug;
		};
		9D51676C1DD6F4DF004819FF /* Release */ = {
			isa = XCBuildConfiguration;
			buildSettings = {
				CLANG_ANALYZER_NONNULL = YES;
				CLANG_WARN_DOCUMENTATION_COMMENTS = YES;
				CLANG_WARN_SUSPICIOUS_MOVES = YES;
				CODE_SIGN_IDENTITY = "-";
				PRODUCT_NAME = "$(TARGET_NAME)";
			};
			name = Release;
		};
		9D77D72B1DD3269200BB5CDF /* Debug */ = {
			isa = XCBuildConfiguration;
			buildSettings = {
				CLANG_ANALYZER_NONNULL = YES;
				CLANG_WARN_DOCUMENTATION_COMMENTS = YES;
				CLANG_WARN_SUSPICIOUS_MOVES = YES;
				CODE_SIGN_IDENTITY = "-";
				PRODUCT_NAME = "$(TARGET_NAME)";
			};
			name = Debug;
		};
		9D77D72C1DD3269200BB5CDF /* Release */ = {
			isa = XCBuildConfiguration;
			buildSettings = {
				CLANG_ANALYZER_NONNULL = YES;
				CLANG_WARN_DOCUMENTATION_COMMENTS = YES;
				CLANG_WARN_SUSPICIOUS_MOVES = YES;
				CODE_SIGN_IDENTITY = "-";
				PRODUCT_NAME = "$(TARGET_NAME)";
			};
			name = Release;
		};
		9D77D7391DD3334400BB5CDF /* Debug */ = {
			isa = XCBuildConfiguration;
			buildSettings = {
				CLANG_ANALYZER_NONNULL = YES;
				CLANG_WARN_DOCUMENTATION_COMMENTS = YES;
				CLANG_WARN_SUSPICIOUS_MOVES = YES;
				CODE_SIGN_IDENTITY = "-";
				PRODUCT_NAME = "$(TARGET_NAME)";
			};
			name = Debug;
		};
		9D77D73A1DD3334400BB5CDF /* Release */ = {
			isa = XCBuildConfiguration;
			buildSettings = {
				CLANG_ANALYZER_NONNULL = YES;
				CLANG_WARN_DOCUMENTATION_COMMENTS = YES;
				CLANG_WARN_SUSPICIOUS_MOVES = YES;
				CODE_SIGN_IDENTITY = "-";
				PRODUCT_NAME = "$(TARGET_NAME)";
			};
			name = Release;
		};
		9D7D6D261DCD8BA600DCCE70 /* Debug */ = {
			isa = XCBuildConfiguration;
			buildSettings = {
				CLANG_ANALYZER_NONNULL = YES;
				CLANG_WARN_DOCUMENTATION_COMMENTS = YES;
				CLANG_WARN_SUSPICIOUS_MOVES = YES;
				CODE_SIGN_IDENTITY = "-";
				PRODUCT_NAME = "$(TARGET_NAME)";
			};
			name = Debug;
		};
		9D7D6D271DCD8BA600DCCE70 /* Release */ = {
			isa = XCBuildConfiguration;
			buildSettings = {
				CLANG_ANALYZER_NONNULL = YES;
				CLANG_WARN_DOCUMENTATION_COMMENTS = YES;
				CLANG_WARN_SUSPICIOUS_MOVES = YES;
				CODE_SIGN_IDENTITY = "-";
				PRODUCT_NAME = "$(TARGET_NAME)";
			};
			name = Release;
		};
		9DB30E571DD465620048D5D9 /* Debug */ = {
			isa = XCBuildConfiguration;
			buildSettings = {
				CLANG_ANALYZER_NONNULL = YES;
				CLANG_WARN_DOCUMENTATION_COMMENTS = YES;
				CLANG_WARN_SUSPICIOUS_MOVES = YES;
				CODE_SIGN_IDENTITY = "-";
				PRODUCT_NAME = "$(TARGET_NAME)";
			};
			name = Debug;
		};
		9DB30E581DD465620048D5D9 /* Release */ = {
			isa = XCBuildConfiguration;
			buildSettings = {
				CLANG_ANALYZER_NONNULL = YES;
				CLANG_WARN_DOCUMENTATION_COMMENTS = YES;
				CLANG_WARN_SUSPICIOUS_MOVES = YES;
				CODE_SIGN_IDENTITY = "-";
				PRODUCT_NAME = "$(TARGET_NAME)";
			};
			name = Release;
		};
		9DF455591DCF4F6500CB040A /* Debug */ = {
			isa = XCBuildConfiguration;
			buildSettings = {
				CLANG_ANALYZER_NONNULL = YES;
				CLANG_WARN_DOCUMENTATION_COMMENTS = YES;
				CLANG_WARN_SUSPICIOUS_MOVES = YES;
				CODE_SIGN_IDENTITY = "-";
				PRODUCT_NAME = "$(TARGET_NAME)";
			};
			name = Debug;
		};
		9DF4555A1DCF4F6500CB040A /* Release */ = {
			isa = XCBuildConfiguration;
			buildSettings = {
				CLANG_ANALYZER_NONNULL = YES;
				CLANG_WARN_DOCUMENTATION_COMMENTS = YES;
				CLANG_WARN_SUSPICIOUS_MOVES = YES;
				CODE_SIGN_IDENTITY = "-";
				PRODUCT_NAME = "$(TARGET_NAME)";
			};
			name = Release;
		};
/* End XCBuildConfiguration section */

/* Begin XCConfigurationList section */
		9D18AA331DD9FEC300883896 /* Build configuration list for PBXNativeTarget "newcoder04" */ = {
			isa = XCConfigurationList;
			buildConfigurations = (
				9D18AA311DD9FEC300883896 /* Debug */,
				9D18AA321DD9FEC300883896 /* Release */,
			);
			defaultConfigurationIsVisible = 0;
			defaultConfigurationName = Release;
		};
		9D2F17361DD02CB000CA617F /* Build configuration list for PBXNativeTarget "nowcoder" */ = {
			isa = XCConfigurationList;
			buildConfigurations = (
				9D2F17341DD02CAF00CA617F /* Debug */,
				9D2F17351DD02CAF00CA617F /* Release */,
			);
			defaultConfigurationIsVisible = 0;
			defaultConfigurationName = Release;
		};
		9D2F17701DD0A2B600CA617F /* Build configuration list for PBXNativeTarget "Iterator" */ = {
			isa = XCConfigurationList;
			buildConfigurations = (
				9D2F17711DD0A2B600CA617F /* Debug */,
				9D2F17721DD0A2B600CA617F /* Release */,
			);
			defaultConfigurationIsVisible = 0;
			defaultConfigurationName = Release;
		};
		9D2F177F1DD0B77300CA617F /* Build configuration list for PBXNativeTarget "functors" */ = {
			isa = XCConfigurationList;
			buildConfigurations = (
				9D2F17801DD0B77300CA617F /* Debug */,
				9D2F17811DD0B77300CA617F /* Release */,
			);
			defaultConfigurationIsVisible = 0;
			defaultConfigurationName = Release;
		};
		9D2F17A31DD1C87700CA617F /* Build configuration list for PBXNativeTarget "newcoder01" */ = {
			isa = XCConfigurationList;
			buildConfigurations = (
				9D2F17A41DD1C87700CA617F /* Debug */,
				9D2F17A51DD1C87700CA617F /* Release */,
			);
			defaultConfigurationIsVisible = 0;
			defaultConfigurationName = Release;
		};
		9D40C6AD1DDC149B003F0AEC /* Build configuration list for PBXNativeTarget "nc05" */ = {
			isa = XCConfigurationList;
			buildConfigurations = (
				9D40C6AB1DDC149B003F0AEC /* Debug */,
				9D40C6AC1DDC149B003F0AEC /* Release */,
			);
			defaultConfigurationIsVisible = 0;
			defaultConfigurationName = Release;
		};
		9D492B061DA2343800401573 /* Build configuration list for PBXProject "cpp" */ = {
			isa = XCConfigurationList;
			buildConfigurations = (
				9D492B101DA2343800401573 /* Debug */,
				9D492B111DA2343800401573 /* Release */,
			);
			defaultConfigurationIsVisible = 0;
			defaultConfigurationName = Release;
		};
		9D492B121DA2343800401573 /* Build configuration list for PBXNativeTarget "cpp" */ = {
			isa = XCConfigurationList;
			buildConfigurations = (
				9D492B131DA2343800401573 /* Debug */,
				9D492B141DA2343800401573 /* Release */,
			);
			defaultConfigurationIsVisible = 0;
			defaultConfigurationName = Release;
		};
		9D51676D1DD6F4DF004819FF /* Build configuration list for PBXNativeTarget "newcoder03" */ = {
			isa = XCConfigurationList;
			buildConfigurations = (
				9D51676B1DD6F4DF004819FF /* Debug */,
				9D51676C1DD6F4DF004819FF /* Release */,
			);
			defaultConfigurationIsVisible = 0;
			defaultConfigurationName = Release;
		};
		9D77D72D1DD3269200BB5CDF /* Build configuration list for PBXNativeTarget "cont" */ = {
			isa = XCConfigurationList;
			buildConfigurations = (
				9D77D72B1DD3269200BB5CDF /* Debug */,
				9D77D72C1DD3269200BB5CDF /* Release */,
			);
			defaultConfigurationIsVisible = 0;
			defaultConfigurationName = Release;
		};
		9D77D7381DD3334400BB5CDF /* Build configuration list for PBXNativeTarget "io" */ = {
			isa = XCConfigurationList;
			buildConfigurations = (
				9D77D7391DD3334400BB5CDF /* Debug */,
				9D77D73A1DD3334400BB5CDF /* Release */,
			);
			defaultConfigurationIsVisible = 0;
			defaultConfigurationName = Release;
		};
		9D7D6D251DCD8BA600DCCE70 /* Build configuration list for PBXNativeTarget "con" */ = {
			isa = XCConfigurationList;
			buildConfigurations = (
				9D7D6D261DCD8BA600DCCE70 /* Debug */,
				9D7D6D271DCD8BA600DCCE70 /* Release */,
			);
			defaultConfigurationIsVisible = 0;
			defaultConfigurationName = Release;
		};
		9DB30E591DD465620048D5D9 /* Build configuration list for PBXNativeTarget "newcoder2" */ = {
			isa = XCConfigurationList;
			buildConfigurations = (
				9DB30E571DD465620048D5D9 /* Debug */,
				9DB30E581DD465620048D5D9 /* Release */,
			);
			defaultConfigurationIsVisible = 0;
			defaultConfigurationName = Release;
		};
		9DF455581DCF4F6500CB040A /* Build configuration list for PBXNativeTarget "algo" */ = {
			isa = XCConfigurationList;
			buildConfigurations = (
				9DF455591DCF4F6500CB040A /* Debug */,
				9DF4555A1DCF4F6500CB040A /* Release */,
			);
			defaultConfigurationIsVisible = 0;
			defaultConfigurationName = Release;
		};
/* End XCConfigurationList section */
	};
	rootObject = 9D492B031DA2343800401573 /* Project object */;
}
